
Microsoft Visual Studio Solution File, Format Version 12.00
Project("{FAE04EC0-301F-11D3-BF4B-00C04F79EFBC}") = "Pa200Hw3.Messages", "src\Pa200Hw3.Messages\Pa200Hw3.Messages.csproj", "{0FCD3F23-A774-4445-90D3-B66CD279420D}"
EndProject
Project("{FAE04EC0-301F-11D3-BF4B-00C04F79EFBC}") = "Pa200Hw3.Mvc", "src\Pa200Hw3.Mvc\Pa200Hw3.Mvc.csproj", "{9EDC4DCD-D727-4068-A5EC-7D01D22FA821}"
EndProject
Global
	GlobalSection(SolutionConfigurationPlatforms) = preSolution
		Debug|Any CPU = Debug|Any CPU
		Release|Any CPU = Release|Any CPU
	EndGlobalSection
	GlobalSection(ProjectConfigurationPlatforms) = postSolution
		{0FCD3F23-A774-4445-90D3-B66CD279420D}.Debug|Any CPU.ActiveCfg = Debug|Any CPU
		{0FCD3F23-A774-4445-90D3-B66CD279420D}.Debug|Any CPU.Build.0 = Debug|Any CPU
		{0FCD3F23-A774-4445-90D3-B66CD279420D}.Release|Any CPU.ActiveCfg = Release|Any CPU
		{0FCD3F23-A774-4445-90D3-B66CD279420D}.Release|Any CPU.Build.0 = Release|Any CPU
		{9EDC4DCD-D727-4068-A5EC-7D01D22FA821}.Debug|Any CPU.ActiveCfg = Debug|Any CPU
		{9EDC4DCD-D727-4068-A5EC-7D01D22FA821}.Debug|Any CPU.Build.0 = Debug|Any CPU
		{9EDC4DCD-D727-4068-A5EC-7D01D22FA821}.Release|Any CPU.ActiveCfg = Release|Any CPU
		{9EDC4DCD-D727-4068-A5EC-7D01D22FA821}.Release|Any CPU.Build.0 = Release|Any CPU
	EndGlobalSection
EndGlobal
